
Microsoft Visual Studio Solution File, Format Version 12.00
# Visual Studio Version 17
VisualStudioVersion = 17.2.32210.308
MinimumVisualStudioVersion = 10.0.40219.1
Project("{9A19103F-16F7-4668-BE54-9A1E7A4F7556}") = "Unknown6656.TestRunner", "Unknown6656.TestRunner.csproj", "{11BA3500-BFC2-4C63-B9E2-CE0DF1FB8A5B}"
EndProject
Project("{FAE04EC0-301F-11D3-BF4B-00C04F79EFBC}") = "SampleTestProject", "sample/SampleTestProject.csproj", "{FD40DB96-BED0-4867-9EE0-BDDC1D48D6DD}"
EndProject
Global
	GlobalSection(SolutionConfigurationPlatforms) = preSolution
		Debug|Any CPU = Debug|Any CPU
		Release|Any CPU = Release|Any CPU
	EndGlobalSection
	GlobalSection(ProjectConfigurationPlatforms) = postSolution
		{11BA3500-BFC2-4C63-B9E2-CE0DF1FB8A5B}.Debug|Any CPU.ActiveCfg = Debug|Any CPU
		{11BA3500-BFC2-4C63-B9E2-CE0DF1FB8A5B}.Debug|Any CPU.Build.0 = Debug|Any CPU
		{11BA3500-BFC2-4C63-B9E2-CE0DF1FB8A5B}.Release|Any CPU.ActiveCfg = Release|Any CPU
		{11BA3500-BFC2-4C63-B9E2-CE0DF1FB8A5B}.Release|Any CPU.Build.0 = Release|Any CPU
		{FD40DB96-BED0-4867-9EE0-BDDC1D48D6DD}.Debug|Any CPU.ActiveCfg = Debug|Any CPU
		{FD40DB96-BED0-4867-9EE0-BDDC1D48D6DD}.Debug|Any CPU.Build.0 = Debug|Any CPU
		{FD40DB96-BED0-4867-9EE0-BDDC1D48D6DD}.Release|Any CPU.ActiveCfg = Release|Any CPU
		{FD40DB96-BED0-4867-9EE0-BDDC1D48D6DD}.Release|Any CPU.Build.0 = Release|Any CPU
	EndGlobalSection
	GlobalSection(SolutionProperties) = preSolution
		HideSolutionNode = FALSE
	EndGlobalSection
	GlobalSection(ExtensibilityGlobals) = postSolution
		SolutionGuid = {5EADA1C2-62C1-4753-BCD5-3E070F1E3436}
	EndGlobalSection
EndGlobal
